// !$*UTF8*$!
{
	archiveVersion = 1;
	classes = {
	};
	objectVersion = 55;
	objects = {

/* Begin PBXBuildFile section */
		EF2B122B27FEB3FD00372A6B /* HelpViewController.swift in Sources */ = {isa = PBXBuildFile; fileRef = EF2B122A27FEB3FC00372A6B /* HelpViewController.swift */; };
		EF2B122D27FED99100372A6B /* HistoryViewController.swift in Sources */ = {isa = PBXBuildFile; fileRef = EF2B122C27FED99100372A6B /* HistoryViewController.swift */; };
		EF4BB27D27FDE25F004ED89E /* AppDelegate.swift in Sources */ = {isa = PBXBuildFile; fileRef = EF4BB27C27FDE25F004ED89E /* AppDelegate.swift */; };
		EF4BB27F27FDE25F004ED89E /* SceneDelegate.swift in Sources */ = {isa = PBXBuildFile; fileRef = EF4BB27E27FDE25F004ED89E /* SceneDelegate.swift */; };
		EF4BB28127FDE25F004ED89E /* HomeViewController.swift in Sources */ = {isa = PBXBuildFile; fileRef = EF4BB28027FDE25F004ED89E /* HomeViewController.swift */; };
		EF4BB28427FDE25F004ED89E /* Main.storyboard in Resources */ = {isa = PBXBuildFile; fileRef = EF4BB28227FDE25F004ED89E /* Main.storyboard */; };
		EF4BB28627FDE260004ED89E /* Assets.xcassets in Resources */ = {isa = PBXBuildFile; fileRef = EF4BB28527FDE260004ED89E /* Assets.xcassets */; };
		EF4BB28927FDE260004ED89E /* LaunchScreen.storyboard in Resources */ = {isa = PBXBuildFile; fileRef = EF4BB28727FDE260004ED89E /* LaunchScreen.storyboard */; };
		EF4BB29127FDE9F4004ED89E /* MortgageViewController.swift in Sources */ = {isa = PBXBuildFile; fileRef = EF4BB29027FDE9F4004ED89E /* MortgageViewController.swift */; };
		EF4BB29327FDEA18004ED89E /* SavingsViewController.swift in Sources */ = {isa = PBXBuildFile; fileRef = EF4BB29227FDEA18004ED89E /* SavingsViewController.swift */; };
		EF4BB29827FE9365004ED89E /* Formulae.swift in Sources */ = {isa = PBXBuildFile; fileRef = EF4BB29627FE9365004ED89E /* Formulae.swift */; };
		EF4BB29927FE9365004ED89E /* FinanceAppStructures.swift in Sources */ = {isa = PBXBuildFile; fileRef = EF4BB29727FE9365004ED89E /* FinanceAppStructures.swift */; };
/* End PBXBuildFile section */

/* Begin PBXFileReference section */
		EF2B122A27FEB3FC00372A6B /* HelpViewController.swift */ = {isa = PBXFileReference; lastKnownFileType = sourcecode.swift; path = HelpViewController.swift; sourceTree = "<group>"; };
		EF2B122C27FED99100372A6B /* HistoryViewController.swift */ = {isa = PBXFileReference; lastKnownFileType = sourcecode.swift; path = HistoryViewController.swift; sourceTree = "<group>"; };
		EF4BB27927FDE25F004ED89E /* financial-calculator.app */ = {isa = PBXFileReference; explicitFileType = wrapper.application; includeInIndex = 0; path = "financial-calculator.app"; sourceTree = BUILT_PRODUCTS_DIR; };
		EF4BB27C27FDE25F004ED89E /* AppDelegate.swift */ = {isa = PBXFileReference; lastKnownFileType = sourcecode.swift; path = AppDelegate.swift; sourceTree = "<group>"; };
		EF4BB27E27FDE25F004ED89E /* SceneDelegate.swift */ = {isa = PBXFileReference; lastKnownFileType = sourcecode.swift; path = SceneDelegate.swift; sourceTree = "<group>"; };
		EF4BB28027FDE25F004ED89E /* HomeViewController.swift */ = {isa = PBXFileReference; lastKnownFileType = sourcecode.swift; path = HomeViewController.swift; sourceTree = "<group>"; };
		EF4BB28327FDE25F004ED89E /* Base */ = {isa = PBXFileReference; lastKnownFileType = file.storyboard; name = Base; path = Base.lproj/Main.storyboard; sourceTree = "<group>"; };
		EF4BB28527FDE260004ED89E /* Assets.xcassets */ = {isa = PBXFileReference; lastKnownFileType = folder.assetcatalog; path = Assets.xcassets; sourceTree = "<group>"; };
		EF4BB28827FDE260004ED89E /* Base */ = {isa = PBXFileReference; lastKnownFileType = file.storyboard; name = Base; path = Base.lproj/LaunchScreen.storyboard; sourceTree = "<group>"; };
		EF4BB28A27FDE260004ED89E /* Info.plist */ = {isa = PBXFileReference; lastKnownFileType = text.plist.xml; path = Info.plist; sourceTree = "<group>"; };
		EF4BB29027FDE9F4004ED89E /* MortgageViewController.swift */ = {isa = PBXFileReference; lastKnownFileType = sourcecode.swift; path = MortgageViewController.swift; sourceTree = "<group>"; };
		EF4BB29227FDEA18004ED89E /* SavingsViewController.swift */ = {isa = PBXFileReference; lastKnownFileType = sourcecode.swift; path = SavingsViewController.swift; sourceTree = "<group>"; };
		EF4BB29627FE9365004ED89E /* Formulae.swift */ = {isa = PBXFileReference; fileEncoding = 4; lastKnownFileType = sourcecode.swift; path = Formulae.swift; sourceTree = "<group>"; };
		EF4BB29727FE9365004ED89E /* FinanceAppStructures.swift */ = {isa = PBXFileReference; fileEncoding = 4; lastKnownFileType = sourcecode.swift; path = FinanceAppStructures.swift; sourceTree = "<group>"; };
/* End PBXFileReference section */

/* Begin PBXFrameworksBuildPhase section */
		EF4BB27627FDE25F004ED89E /* Frameworks */ = {
			isa = PBXFrameworksBuildPhase;
			buildActionMask = 2147483647;
			files = (
			);
			runOnlyForDeploymentPostprocessing = 0;
		};
/* End PBXFrameworksBuildPhase section */

/* Begin PBXGroup section */
		EF4BB27027FDE25F004ED89E = {
			isa = PBXGroup;
			children = (
				EF4BB27B27FDE25F004ED89E /* financial-calculator */,
				EF4BB27A27FDE25F004ED89E /* Products */,
			);
			sourceTree = "<group>";
		};
		EF4BB27A27FDE25F004ED89E /* Products */ = {
			isa = PBXGroup;
			children = (
				EF4BB27927FDE25F004ED89E /* financial-calculator.app */,
			);
			name = Products;
			sourceTree = "<group>";
		};
		EF4BB27B27FDE25F004ED89E /* financial-calculator */ = {
			isa = PBXGroup;
			children = (
				EF4BB27C27FDE25F004ED89E /* AppDelegate.swift */,
				EF4BB27E27FDE25F004ED89E /* SceneDelegate.swift */,
				EF4BB28027FDE25F004ED89E /* HomeViewController.swift */,
				EF4BB29027FDE9F4004ED89E /* MortgageViewController.swift */,
				EF4BB29227FDEA18004ED89E /* SavingsViewController.swift */,
				EF2B122A27FEB3FC00372A6B /* HelpViewController.swift */,
				EF4BB29727FE9365004ED89E /* FinanceAppStructures.swift */,
				EF2B122C27FED99100372A6B /* HistoryViewController.swift */,
				EF4BB29627FE9365004ED89E /* Formulae.swift */,
				EF4BB28227FDE25F004ED89E /* Main.storyboard */,
				EF4BB28527FDE260004ED89E /* Assets.xcassets */,
				EF4BB28727FDE260004ED89E /* LaunchScreen.storyboard */,
				EF4BB28A27FDE260004ED89E /* Info.plist */,
			);
			path = "financial-calculator";
			sourceTree = "<group>";
		};
/* End PBXGroup section */

/* Begin PBXNativeTarget section */
		EF4BB27827FDE25F004ED89E /* financial-calculator */ = {
			isa = PBXNativeTarget;
			buildConfigurationList = EF4BB28D27FDE260004ED89E /* Build configuration list for PBXNativeTarget "financial-calculator" */;
			buildPhases = (
				EF4BB27527FDE25F004ED89E /* Sources */,
				EF4BB27627FDE25F004ED89E /* Frameworks */,
				EF4BB27727FDE25F004ED89E /* Resources */,
			);
			buildRules = (
			);
			dependencies = (
			);
			name = "financial-calculator";
			productName = "financial-calculator";
			productReference = EF4BB27927FDE25F004ED89E /* financial-calculator.app */;
			productType = "com.apple.product-type.application";
		};
/* End PBXNativeTarget section */

/* Begin PBXProject section */
		EF4BB27127FDE25F004ED89E /* Project object */ = {
			isa = PBXProject;
			attributes = {
				BuildIndependentTargetsInParallel = 1;
				LastSwiftUpdateCheck = 1330;
				LastUpgradeCheck = 1330;
				TargetAttributes = {
					EF4BB27827FDE25F004ED89E = {
						CreatedOnToolsVersion = 13.3;
					};
				};
			};
			buildConfigurationList = EF4BB27427FDE25F004ED89E /* Build configuration list for PBXProject "financial-calculator" */;
			compatibilityVersion = "Xcode 13.0";
			developmentRegion = en;
			hasScannedForEncodings = 0;
			knownRegions = (
				en,
				Base,
			);
			mainGroup = EF4BB27027FDE25F004ED89E;
			productRefGroup = EF4BB27A27FDE25F004ED89E /* Products */;
			projectDirPath = "";
			projectRoot = "";
			targets = (
				EF4BB27827FDE25F004ED89E /* financial-calculator */,
			);
		};
/* End PBXProject section */

/* Begin PBXResourcesBuildPhase section */
		EF4BB27727FDE25F004ED89E /* Resources */ = {
			isa = PBXResourcesBuildPhase;
			buildActionMask = 2147483647;
			files = (
				EF4BB28927FDE260004ED89E /* LaunchScreen.storyboard in Resources */,
				EF4BB28627FDE260004ED89E /* Assets.xcassets in Resources */,
				EF4BB28427FDE25F004ED89E /* Main.storyboard in Resources */,
			);
			runOnlyForDeploymentPostprocessing = 0;
		};
/* End PBXResourcesBuildPhase section */

/* Begin PBXSourcesBuildPhase section */
		EF4BB27527FDE25F004ED89E /* Sources */ = {
			isa = PBXSourcesBuildPhase;
			buildActionMask = 2147483647;
			files = (
				EF4BB29127FDE9F4004ED89E /* MortgageViewController.swift in Sources */,
				EF4BB29327FDEA18004ED89E /* SavingsViewController.swift in Sources */,
				EF4BB28127FDE25F004ED89E /* HomeViewController.swift in Sources */,
				EF2B122B27FEB3FD00372A6B /* HelpViewController.swift in Sources */,
				EF4BB27D27FDE25F004ED89E /* AppDelegate.swift in Sources */,
				EF4BB29827FE9365004ED89E /* Formulae.swift in Sources */,
				EF2B122D27FED99100372A6B /* HistoryViewController.swift in Sources */,
				EF4BB29927FE9365004ED89E /* FinanceAppStructures.swift in Sources */,
				EF4BB27F27FDE25F004ED89E /* SceneDelegate.swift in Sources */,
			);
			runOnlyForDeploymentPostprocessing = 0;
		};
/* End PBXSourcesBuildPhase section */

/* Begin PBXVariantGroup section */
		EF4BB28227FDE25F004ED89E /* Main.storyboard */ = {
			isa = PBXVariantGroup;
			children = (
				EF4BB28327FDE25F004ED89E /* Base */,
			);
			name = Main.storyboard;
			sourceTree = "<group>";
		};
		EF4BB28727FDE260004ED89E /* LaunchScreen.storyboard */ = {
			isa = PBXVariantGroup;
			children = (
				EF4BB28827FDE260004ED89E /* Base */,
			);
			name = LaunchScreen.storyboard;
			sourceTree = "<group>";
		};
/* End PBXVariantGroup section */

/* Begin XCBuildConfiguration section */
		EF4BB28B27FDE260004ED89E /* Debug */ = {
			isa = XCBuildConfiguration;
			buildSettings = {
				ALWAYS_SEARCH_USER_PATHS = NO;
				CLANG_ANALYZER_NONNULL = YES;
				CLANG_ANALYZER_NUMBER_OBJECT_CONVERSION = YES_AGGRESSIVE;
				CLANG_CXX_LANGUAGE_STANDARD = "gnu++17";
				CLANG_ENABLE_MODULES = YES;
				CLANG_ENABLE_OBJC_ARC = YES;
				CLANG_ENABLE_OBJC_WEAK = YES;
				CLANG_WARN_BLOCK_CAPTURE_AUTORELEASING = YES;
				CLANG_WARN_BOOL_CONVERSION = YES;
				CLANG_WARN_COMMA = YES;
				CLANG_WARN_CONSTANT_CONVERSION = YES;
				CLANG_WARN_DEPRECATED_OBJC_IMPLEMENTATIONS = YES;
				CLANG_WARN_DIRECT_OBJC_ISA_USAGE = YES_ERROR;
				CLANG_WARN_DOCUMENTATION_COMMENTS = YES;
				CLANG_WARN_EMPTY_BODY = YES;
				CLANG_WARN_ENUM_CONVERSION = YES;
				CLANG_WARN_INFINITE_RECURSION = YES;
				CLANG_WARN_INT_CONVERSION = YES;
				CLANG_WARN_NON_LITERAL_NULL_CONVERSION = YES;
				CLANG_WARN_OBJC_IMPLICIT_RETAIN_SELF = YES;
				CLANG_WARN_OBJC_LITERAL_CONVERSION = YES;
				CLANG_WARN_OBJC_ROOT_CLASS = YES_ERROR;
				CLANG_WARN_QUOTED_INCLUDE_IN_FRAMEWORK_HEADER = YES;
				CLANG_WARN_RANGE_LOOP_ANALYSIS = YES;
				CLANG_WARN_STRICT_PROTOTYPES = YES;
				CLANG_WARN_SUSPICIOUS_MOVE = YES;
				CLANG_WARN_UNGUARDED_AVAILABILITY = YES_AGGRESSIVE;
				CLANG_WARN_UNREACHABLE_CODE = YES;
				CLANG_WARN__DUPLICATE_METHOD_MATCH = YES;
				COPY_PHASE_STRIP = NO;
				DEBUG_INFORMATION_FORMAT = dwarf;
				ENABLE_STRICT_OBJC_MSGSEND = YES;
				ENABLE_TESTABILITY = YES;
				GCC_C_LANGUAGE_STANDARD = gnu11;
				GCC_DYNAMIC_NO_PIC = NO;
				GCC_NO_COMMON_BLOCKS = YES;
				GCC_OPTIMIZATION_LEVEL = 0;
				GCC_PREPROCESSOR_DEFINITIONS = (
					"DEBUG=1",
					"$(inherited)",
				);
				GCC_WARN_64_TO_32_BIT_CONVERSION = YES;
				GCC_WARN_ABOUT_RETURN_TYPE = YES_ERROR;
				GCC_WARN_UNDECLARED_SELECTOR = YES;
				GCC_WARN_UNINITIALIZED_AUTOS = YES_AGGRESSIVE;
				GCC_WARN_UNUSED_FUNCTION = YES;
				GCC_WARN_UNUSED_VARIABLE = YES;
				IPHONEOS_DEPLOYMENT_TARGET = 15.4;
				MTL_ENABLE_DEBUG_INFO = INCLUDE_SOURCE;
				MTL_FAST_MATH = YES;
				ONLY_ACTIVE_ARCH = YES;
				SDKROOT = iphoneos;
				SWIFT_ACTIVE_COMPILATION_CONDITIONS = DEBUG;
				SWIFT_OPTIMIZATION_LEVEL = "-Onone";
			};
			name = Debug;
		};
		EF4BB28C27FDE260004ED89E /* Release */ = {
			isa = XCBuildConfiguration;
			buildSettings = {
				ALWAYS_SEARCH_USER_PATHS = NO;
				CLANG_ANALYZER_NONNULL = YES;
				CLANG_ANALYZER_NUMBER_OBJECT_CONVERSION = YES_AGGRESSIVE;
				CLANG_CXX_LANGUAGE_STANDARD = "gnu++17";
				CLANG_ENABLE_MODULES = YES;
				CLANG_ENABLE_OBJC_ARC = YES;
				CLANG_ENABLE_OBJC_WEAK = YES;
				CLANG_WARN_BLOCK_CAPTURE_AUTORELEASING = YES;
				CLANG_WARN_BOOL_CONVERSION = YES;
				CLANG_WARN_COMMA = YES;
				CLANG_WARN_CONSTANT_CONVERSION = YES;
				CLANG_WARN_DEPRECATED_OBJC_IMPLEMENTATIONS = YES;
				CLANG_WARN_DIRECT_OBJC_ISA_USAGE = YES_ERROR;
				CLANG_WARN_DOCUMENTATION_COMMENTS = YES;
				CLANG_WARN_EMPTY_BODY = YES;
				CLANG_WARN_ENUM_CONVERSION = YES;
				CLANG_WARN_INFINITE_RECURSION = YES;
				CLANG_WARN_INT_CONVERSION = YES;
				CLANG_WARN_NON_LITERAL_NULL_CONVERSION = YES;
				CLANG_WARN_OBJC_IMPLICIT_RETAIN_SELF = YES;
				CLANG_WARN_OBJC_LITERAL_CONVERSION = YES;
				CLANG_WARN_OBJC_ROOT_CLASS = YES_ERROR;
				CLANG_WARN_QUOTED_INCLUDE_IN_FRAMEWORK_HEADER = YES;
				CLANG_WARN_RANGE_LOOP_ANALYSIS = YES;
				CLANG_WARN_STRICT_PROTOTYPES = YES;
				CLANG_WARN_SUSPICIOUS_MOVE = YES;
				CLANG_WARN_UNGUARDED_AVAILABILITY = YES_AGGRESSIVE;
				CLANG_WARN_UNREACHABLE_CODE = YES;
				CLANG_WARN__DUPLICATE_METHOD_MATCH = YES;
				COPY_PHASE_STRIP = NO;
				DEBUG_INFORMATION_FORMAT = "dwarf-with-dsym";
				ENABLE_NS_ASSERTIONS = NO;
				ENABLE_STRICT_OBJC_MSGSEND = YES;
				GCC_C_LANGUAGE_STANDARD = gnu11;
				GCC_NO_COMMON_BLOCKS = YES;
				GCC_WARN_64_TO_32_BIT_CONVERSION = YES;
				GCC_WARN_ABOUT_RETURN_TYPE = YES_ERROR;
				GCC_WARN_UNDECLARED_SELECTOR = YES;
				GCC_WARN_UNINITIALIZED_AUTOS = YES_AGGRESSIVE;
				GCC_WARN_UNUSED_FUNCTION = YES;
				GCC_WARN_UNUSED_VARIABLE = YES;
				IPHONEOS_DEPLOYMENT_TARGET = 15.4;
				MTL_ENABLE_DEBUG_INFO = NO;
				MTL_FAST_MATH = YES;
				SDKROOT = iphoneos;
				SWIFT_COMPILATION_MODE = wholemodule;
				SWIFT_OPTIMIZATION_LEVEL = "-O";
				VALIDATE_PRODUCT = YES;
			};
			name = Release;
		};
		EF4BB28E27FDE260004ED89E /* Debug */ = {
			isa = XCBuildConfiguration;
			buildSettings = {
				ASSETCATALOG_COMPILER_APPICON_NAME = AppIcon;
				ASSETCATALOG_COMPILER_GLOBAL_ACCENT_COLOR_NAME = AccentColor;
				CODE_SIGN_STYLE = Automatic;
				CURRENT_PROJECT_VERSION = 1;
				GENERATE_INFOPLIST_FILE = YES;
				INFOPLIST_FILE = "financial-calculator/Info.plist";
				INFOPLIST_KEY_UIApplicationSupportsIndirectInputEvents = YES;
				INFOPLIST_KEY_UILaunchStoryboardName = LaunchScreen;
				INFOPLIST_KEY_UIMainStoryboardFile = Main;
				INFOPLIST_KEY_UISupportedInterfaceOrientations_iPad = "UIInterfaceOrientationPortrait UIInterfaceOrientationPortraitUpsideDown UIInterfaceOrientationLandscapeLeft UIInterfaceOrientationLandscapeRight";
				INFOPLIST_KEY_UISupportedInterfaceOrientations_iPhone = "UIInterfaceOrientationPortrait UIInterfaceOrientationLandscapeLeft UIInterfaceOrientationLandscapeRight";
				LD_RUNPATH_SEARCH_PATHS = (
					"$(inherited)",
					"@executable_path/Frameworks",
				);
				MARKETING_VERSION = 1.0;
				PRODUCT_BUNDLE_IDENTIFIER = "com.avishka.financial-calculator";
				PRODUCT_NAME = "$(TARGET_NAME)";
				SWIFT_EMIT_LOC_STRINGS = YES;
				SWIFT_VERSION = 5.0;
				TARGETED_DEVICE_FAMILY = "1,2";
			};
			name = Debug;
		};
		EF4BB28F27FDE260004ED89E /* Release */ = {
			isa = XCBuildConfiguration;
			buildSettings = {
				ASSETCATALOG_COMPILER_APPICON_NAME = AppIcon;
				ASSETCATALOG_COMPILER_GLOBAL_ACCENT_COLOR_NAME = AccentColor;
				CODE_SIGN_STYLE = Automatic;
				CURRENT_PROJECT_VERSION = 1;
				GENERATE_INFOPLIST_FILE = YES;
				INFOPLIST_FILE = "financial-calculator/Info.plist";
				INFOPLIST_KEY_UIApplicationSupportsIndirectInputEvents = YES;
				INFOPLIST_KEY_UILaunchStoryboardName = LaunchScreen;
				INFOPLIST_KEY_UIMainStoryboardFile = Main;
				INFOPLIST_KEY_UISupportedInterfaceOrientations_iPad = "UIInterfaceOrientationPortrait UIInterfaceOrientationPortraitUpsideDown UIInterfaceOrientationLandscapeLeft UIInterfaceOrientationLandscapeRight";
				INFOPLIST_KEY_UISupportedInterfaceOrientations_iPhone = "UIInterfaceOrientationPortrait UIInterfaceOrientationLandscapeLeft UIInterfaceOrientationLandscapeRight";
				LD_RUNPATH_SEARCH_PATHS = (
					"$(inherited)",
					"@executable_path/Frameworks",
				);
				MARKETING_VERSION = 1.0;
				PRODUCT_BUNDLE_IDENTIFIER = "com.avishka.financial-calculator";
				PRODUCT_NAME = "$(TARGET_NAME)";
				SWIFT_EMIT_LOC_STRINGS = YES;
				SWIFT_VERSION = 5.0;
				TARGETED_DEVICE_FAMILY = "1,2";
			};
			name = Release;
		};
/* End XCBuildConfiguration section */

/* Begin XCConfigurationList section */
		EF4BB27427FDE25F004ED89E /* Build configuration list for PBXProject "financial-calculator" */ = {
			isa = XCConfigurationList;
			buildConfigurations = (
				EF4BB28B27FDE260004ED89E /* Debug */,
				EF4BB28C27FDE260004ED89E /* Release */,
			);
			defaultConfigurationIsVisible = 0;
			defaultConfigurationName = Release;
		};
		EF4BB28D27FDE260004ED89E /* Build configuration list for PBXNativeTarget "financial-calculator" */ = {
			isa = XCConfigurationList;
			buildConfigurations = (
				EF4BB28E27FDE260004ED89E /* Debug */,
				EF4BB28F27FDE260004ED89E /* Release */,
			);
			defaultConfigurationIsVisible = 0;
			defaultConfigurationName = Release;
		};
/* End XCConfigurationList section */
	};
	rootObject = EF4BB27127FDE25F004ED89E /* Project object */;
}
